// !$*UTF8*$!
{
	archiveVersion = 1;
	classes = {
	};
	objectVersion = 46;
	objects = {

/* Begin PBXBuildFile section */
		493D87A219108D260088C029 /* Foundation.framework in Frameworks */ = {isa = PBXBuildFile; fileRef = 493D87A119108D260088C029 /* Foundation.framework */; };
		493D87A419108D260088C029 /* CoreGraphics.framework in Frameworks */ = {isa = PBXBuildFile; fileRef = 493D87A319108D260088C029 /* CoreGraphics.framework */; };
		493D87A619108D260088C029 /* UIKit.framework in Frameworks */ = {isa = PBXBuildFile; fileRef = 493D87A519108D260088C029 /* UIKit.framework */; };
		493D87AC19108D260088C029 /* InfoPlist.strings in Resources */ = {isa = PBXBuildFile; fileRef = 493D87AA19108D260088C029 /* InfoPlist.strings */; };
		493D87AE19108D260088C029 /* main.m in Sources */ = {isa = PBXBuildFile; fileRef = 493D87AD19108D260088C029 /* main.m */; };
		493D87B219108D260088C029 /* AppDelegate.m in Sources */ = {isa = PBXBuildFile; fileRef = 493D87B119108D260088C029 /* AppDelegate.m */; };
		493D87B419108D260088C029 /* Images.xcassets in Resources */ = {isa = PBXBuildFile; fileRef = 493D87B319108D260088C029 /* Images.xcassets */; };
		493D87BB19108D270088C029 /* XCTest.framework in Frameworks */ = {isa = PBXBuildFile; fileRef = 493D87BA19108D270088C029 /* XCTest.framework */; };
		493D87BC19108D270088C029 /* Foundation.framework in Frameworks */ = {isa = PBXBuildFile; fileRef = 493D87A119108D260088C029 /* Foundation.framework */; };
		493D87BD19108D270088C029 /* UIKit.framework in Frameworks */ = {isa = PBXBuildFile; fileRef = 493D87A519108D260088C029 /* UIKit.framework */; };
		493D87C519108D270088C029 /* InfoPlist.strings in Resources */ = {isa = PBXBuildFile; fileRef = 493D87C319108D270088C029 /* InfoPlist.strings */; };
		493D87C719108D270088C029 /* EXIFOperatorTests.m in Sources */ = {isa = PBXBuildFile; fileRef = 493D87C619108D270088C029 /* EXIFOperatorTests.m */; };
		493D87D11910C9920088C029 /* test.jpg in Resources */ = {isa = PBXBuildFile; fileRef = 493D87D01910C9920088C029 /* test.jpg */; };
		49D7556A191714E4009372EA /* exifTagger.m in Sources */ = {isa = PBXBuildFile; fileRef = 49D75569191714E4009372EA /* exifTagger.m */; };
		49D7556E19171EAC009372EA /* CoreLocation.framework in Frameworks */ = {isa = PBXBuildFile; fileRef = 49D7556D19171EAC009372EA /* CoreLocation.framework */; };
/* End PBXBuildFile section */

/* Begin PBXContainerItemProxy section */
		493D87BE19108D270088C029 /* PBXContainerItemProxy */ = {
			isa = PBXContainerItemProxy;
			containerPortal = 493D879619108D260088C029 /* Project object */;
			proxyType = 1;
			remoteGlobalIDString = 493D879D19108D260088C029;
			remoteInfo = EXIFOperator;
		};
/* End PBXContainerItemProxy section */

/* Begin PBXFileReference section */
		493D879E19108D260088C029 /* EXIFOperator.app */ = {isa = PBXFileReference; explicitFileType = wrapper.application; includeInIndex = 0; path = EXIFOperator.app; sourceTree = BUILT_PRODUCTS_DIR; };
		493D87A119108D260088C029 /* Foundation.framework */ = {isa = PBXFileReference; lastKnownFileType = wrapper.framework; name = Foundation.framework; path = System/Library/Frameworks/Foundation.framework; sourceTree = SDKROOT; };
		493D87A319108D260088C029 /* CoreGraphics.framework */ = {isa = PBXFileReference; lastKnownFileType = wrapper.framework; name = CoreGraphics.framework; path = System/Library/Frameworks/CoreGraphics.framework; sourceTree = SDKROOT; };
		493D87A519108D260088C029 /* UIKit.framework */ = {isa = PBXFileReference; lastKnownFileType = wrapper.framework; name = UIKit.framework; path = System/Library/Frameworks/UIKit.framework; sourceTree = SDKROOT; };
		493D87A919108D260088C029 /* EXIFOperator-Info.plist */ = {isa = PBXFileReference; lastKnownFileType = text.plist.xml; path = "EXIFOperator-Info.plist"; sourceTree = "<group>"; };
		493D87AB19108D260088C029 /* en */ = {isa = PBXFileReference; lastKnownFileType = text.plist.strings; name = en; path = en.lproj/InfoPlist.strings; sourceTree = "<group>"; };
		493D87AD19108D260088C029 /* main.m */ = {isa = PBXFileReference; lastKnownFileType = sourcecode.c.objc; path = main.m; sourceTree = "<group>"; };
		493D87AF19108D260088C029 /* EXIFOperator-Prefix.pch */ = {isa = PBXFileReference; lastKnownFileType = sourcecode.c.h; path = "EXIFOperator-Prefix.pch"; sourceTree = "<group>"; };
		493D87B019108D260088C029 /* AppDelegate.h */ = {isa = PBXFileReference; lastKnownFileType = sourcecode.c.h; path = AppDelegate.h; sourceTree = "<group>"; };
		493D87B119108D260088C029 /* AppDelegate.m */ = {isa = PBXFileReference; lastKnownFileType = sourcecode.c.objc; path = AppDelegate.m; sourceTree = "<group>"; };
		493D87B319108D260088C029 /* Images.xcassets */ = {isa = PBXFileReference; lastKnownFileType = folder.assetcatalog; path = Images.xcassets; sourceTree = "<group>"; };
		493D87B919108D270088C029 /* EXIFOperatorTests.xctest */ = {isa = PBXFileReference; explicitFileType = wrapper.cfbundle; includeInIndex = 0; path = EXIFOperatorTests.xctest; sourceTree = BUILT_PRODUCTS_DIR; };
		493D87BA19108D270088C029 /* XCTest.framework */ = {isa = PBXFileReference; lastKnownFileType = wrapper.framework; name = XCTest.framework; path = Library/Frameworks/XCTest.framework; sourceTree = DEVELOPER_DIR; };
		493D87C219108D270088C029 /* EXIFOperatorTests-Info.plist */ = {isa = PBXFileReference; lastKnownFileType = text.plist.xml; path = "EXIFOperatorTests-Info.plist"; sourceTree = "<group>"; };
		493D87C419108D270088C029 /* en */ = {isa = PBXFileReference; lastKnownFileType = text.plist.strings; name = en; path = en.lproj/InfoPlist.strings; sourceTree = "<group>"; };
		493D87C619108D270088C029 /* EXIFOperatorTests.m */ = {isa = PBXFileReference; lastKnownFileType = sourcecode.c.objc; path = EXIFOperatorTests.m; sourceTree = "<group>"; };
		493D87D01910C9920088C029 /* test.jpg */ = {isa = PBXFileReference; lastKnownFileType = image.jpeg; path = test.jpg; sourceTree = "<group>"; };
		49D75568191714E4009372EA /* exifTagger.h */ = {isa = PBXFileReference; fileEncoding = 4; lastKnownFileType = sourcecode.c.h; path = exifTagger.h; sourceTree = "<group>"; };
		49D75569191714E4009372EA /* exifTagger.m */ = {isa = PBXFileReference; fileEncoding = 4; lastKnownFileType = sourcecode.c.objc; path = exifTagger.m; sourceTree = "<group>"; };
		49D7556D19171EAC009372EA /* CoreLocation.framework */ = {isa = PBXFileReference; lastKnownFileType = wrapper.framework; name = CoreLocation.framework; path = System/Library/Frameworks/CoreLocation.framework; sourceTree = SDKROOT; };
/* End PBXFileReference section */

/* Begin PBXFrameworksBuildPhase section */
		493D879B19108D260088C029 /* Frameworks */ = {
			isa = PBXFrameworksBuildPhase;
			buildActionMask = 2147483647;
			files = (
				49D7556E19171EAC009372EA /* CoreLocation.framework in Frameworks */,
				493D87A419108D260088C029 /* CoreGraphics.framework in Frameworks */,
				493D87A619108D260088C029 /* UIKit.framework in Frameworks */,
				493D87A219108D260088C029 /* Foundation.framework in Frameworks */,
			);
			runOnlyForDeploymentPostprocessing = 0;
		};
		493D87B619108D270088C029 /* Frameworks */ = {
			isa = PBXFrameworksBuildPhase;
			buildActionMask = 2147483647;
			files = (
				493D87BB19108D270088C029 /* XCTest.framework in Frameworks */,
				493D87BD19108D270088C029 /* UIKit.framework in Frameworks */,
				493D87BC19108D270088C029 /* Foundation.framework in Frameworks */,
			);
			runOnlyForDeploymentPostprocessing = 0;
		};
/* End PBXFrameworksBuildPhase section */

/* Begin PBXGroup section */
		493D879519108D260088C029 = {
			isa = PBXGroup;
			children = (
				493D87A719108D260088C029 /* EXIFOperator */,
				493D87C019108D270088C029 /* EXIFOperatorTests */,
				493D87A019108D260088C029 /* Frameworks */,
				493D879F19108D260088C029 /* Products */,
			);
			sourceTree = "<group>";
		};
		493D879F19108D260088C029 /* Products */ = {
			isa = PBXGroup;
			children = (
				493D879E19108D260088C029 /* EXIFOperator.app */,
				493D87B919108D270088C029 /* EXIFOperatorTests.xctest */,
			);
			name = Products;
			sourceTree = "<group>";
		};
		493D87A019108D260088C029 /* Frameworks */ = {
			isa = PBXGroup;
			children = (
				49D7556D19171EAC009372EA /* CoreLocation.framework */,
				493D87A119108D260088C029 /* Foundation.framework */,
				493D87A319108D260088C029 /* CoreGraphics.framework */,
				493D87A519108D260088C029 /* UIKit.framework */,
				493D87BA19108D270088C029 /* XCTest.framework */,
			);
			name = Frameworks;
			sourceTree = "<group>";
		};
		493D87A719108D260088C029 /* EXIFOperator */ = {
			isa = PBXGroup;
			children = (
				493D87B019108D260088C029 /* AppDelegate.h */,
				493D87B119108D260088C029 /* AppDelegate.m */,
				493D87B319108D260088C029 /* Images.xcassets */,
				493D87A819108D260088C029 /* Supporting Files */,
				49D75568191714E4009372EA /* exifTagger.h */,
				49D75569191714E4009372EA /* exifTagger.m */,
			);
			path = EXIFOperator;
			sourceTree = "<group>";
		};
		493D87A819108D260088C029 /* Supporting Files */ = {
			isa = PBXGroup;
			children = (
				493D87D01910C9920088C029 /* test.jpg */,
				493D87A919108D260088C029 /* EXIFOperator-Info.plist */,
				493D87AA19108D260088C029 /* InfoPlist.strings */,
				493D87AD19108D260088C029 /* main.m */,
				493D87AF19108D260088C029 /* EXIFOperator-Prefix.pch */,
			);
			name = "Supporting Files";
			sourceTree = "<group>";
		};
		493D87C019108D270088C029 /* EXIFOperatorTests */ = {
			isa = PBXGroup;
			children = (
				493D87C619108D270088C029 /* EXIFOperatorTests.m */,
				493D87C119108D270088C029 /* Supporting Files */,
			);
			path = EXIFOperatorTests;
			sourceTree = "<group>";
		};
		493D87C119108D270088C029 /* Supporting Files */ = {
			isa = PBXGroup;
			children = (
				493D87C219108D270088C029 /* EXIFOperatorTests-Info.plist */,
				493D87C319108D270088C029 /* InfoPlist.strings */,
			);
			name = "Supporting Files";
			sourceTree = "<group>";
		};
/* End PBXGroup section */

/* Begin PBXNativeTarget section */
		493D879D19108D260088C029 /* EXIFOperator */ = {
			isa = PBXNativeTarget;
			buildConfigurationList = 493D87CA19108D270088C029 /* Build configuration list for PBXNativeTarget "EXIFOperator" */;
			buildPhases = (
				493D879A19108D260088C029 /* Sources */,
				493D879B19108D260088C029 /* Frameworks */,
				493D879C19108D260088C029 /* Resources */,
			);
			buildRules = (
			);
			dependencies = (
			);
			name = EXIFOperator;
			productName = EXIFOperator;
			productReference = 493D879E19108D260088C029 /* EXIFOperator.app */;
			productType = "com.apple.product-type.application";
		};
		493D87B819108D270088C029 /* EXIFOperatorTests */ = {
			isa = PBXNativeTarget;
			buildConfigurationList = 493D87CD19108D270088C029 /* Build configuration list for PBXNativeTarget "EXIFOperatorTests" */;
			buildPhases = (
				493D87B519108D270088C029 /* Sources */,
				493D87B619108D270088C029 /* Frameworks */,
				493D87B719108D270088C029 /* Resources */,
			);
			buildRules = (
			);
			dependencies = (
				493D87BF19108D270088C029 /* PBXTargetDependency */,
			);
			name = EXIFOperatorTests;
			productName = EXIFOperatorTests;
			productReference = 493D87B919108D270088C029 /* EXIFOperatorTests.xctest */;
			productType = "com.apple.product-type.bundle.unit-test";
		};
/* End PBXNativeTarget section */

/* Begin PBXProject section */
		493D879619108D260088C029 /* Project object */ = {
			isa = PBXProject;
			attributes = {
				LastUpgradeCheck = 0510;
				ORGANIZATIONNAME = bravo;
				TargetAttributes = {
					493D87B819108D270088C029 = {
						TestTargetID = 493D879D19108D260088C029;
					};
				};
			};
			buildConfigurationList = 493D879919108D260088C029 /* Build configuration list for PBXProject "EXIFOperator" */;
			compatibilityVersion = "Xcode 3.2";
			developmentRegion = English;
			hasScannedForEncodings = 0;
			knownRegions = (
				en,
			);
			mainGroup = 493D879519108D260088C029;
			productRefGroup = 493D879F19108D260088C029 /* Products */;
			projectDirPath = "";
			projectRoot = "";
			targets = (
				493D879D19108D260088C029 /* EXIFOperator */,
				493D87B819108D270088C029 /* EXIFOperatorTests */,
			);
		};
/* End PBXProject section */

/* Begin PBXResourcesBuildPhase section */
		493D879C19108D260088C029 /* Resources */ = {
			isa = PBXResourcesBuildPhase;
			buildActionMask = 2147483647;
			files = (
				493D87AC19108D260088C029 /* InfoPlist.strings in Resources */,
				493D87D11910C9920088C029 /* test.jpg in Resources */,
				493D87B419108D260088C029 /* Images.xcassets in Resources */,
			);
			runOnlyForDeploymentPostprocessing = 0;
		};
		493D87B719108D270088C029 /* Resources */ = {
			isa = PBXResourcesBuildPhase;
			buildActionMask = 2147483647;
			files = (
				493D87C519108D270088C029 /* InfoPlist.strings in Resources */,
			);
			runOnlyForDeploymentPostprocessing = 0;
		};
/* End PBXResourcesBuildPhase section */

/* Begin PBXSourcesBuildPhase section */
		493D879A19108D260088C029 /* Sources */ = {
			isa = PBXSourcesBuildPhase;
			buildActionMask = 2147483647;
			files = (
				49D7556A191714E4009372EA /* exifTagger.m in Sources */,
				493D87B219108D260088C029 /* AppDelegate.m in Sources */,
				493D87AE19108D260088C029 /* main.m in Sources */,
			);
			runOnlyForDeploymentPostprocessing = 0;
		};
		493D87B519108D270088C029 /* Sources */ = {
			isa = PBXSourcesBuildPhase;
			buildActionMask = 2147483647;
			files = (
				493D87C719108D270088C029 /* EXIFOperatorTests.m in Sources */,
			);
			runOnlyForDeploymentPostprocessing = 0;
		};
/* End PBXSourcesBuildPhase section */

/* Begin PBXTargetDependency section */
		493D87BF19108D270088C029 /* PBXTargetDependency */ = {
			isa = PBXTargetDependency;
			target = 493D879D19108D260088C029 /* EXIFOperator */;
			targetProxy = 493D87BE19108D270088C029 /* PBXContainerItemProxy */;
		};
/* End PBXTargetDependency section */

/* Begin PBXVariantGroup section */
		493D87AA19108D260088C029 /* InfoPlist.strings */ = {
			isa = PBXVariantGroup;
			children = (
				493D87AB19108D260088C029 /* en */,
			);
			name = InfoPlist.strings;
			sourceTree = "<group>";
		};
		493D87C319108D270088C029 /* InfoPlist.strings */ = {
			isa = PBXVariantGroup;
			children = (
				493D87C419108D270088C029 /* en */,
			);
			name = InfoPlist.strings;
			sourceTree = "<group>";
		};
/* End PBXVariantGroup section */

/* Begin XCBuildConfiguration section */
		493D87C819108D270088C029 /* Debug */ = {
			isa = XCBuildConfiguration;
			buildSettings = {
				ALWAYS_SEARCH_USER_PATHS = NO;
				CLANG_CXX_LANGUAGE_STANDARD = "gnu++0x";
				CLANG_CXX_LIBRARY = "libc++";
				CLANG_ENABLE_MODULES = YES;
				CLANG_ENABLE_OBJC_ARC = YES;
				CLANG_WARN_BOOL_CONVERSION = YES;
				CLANG_WARN_CONSTANT_CONVERSION = YES;
				CLANG_WARN_DIRECT_OBJC_ISA_USAGE = YES_ERROR;
				CLANG_WARN_EMPTY_BODY = YES;
				CLANG_WARN_ENUM_CONVERSION = YES;
				CLANG_WARN_INT_CONVERSION = YES;
				CLANG_WARN_OBJC_ROOT_CLASS = YES_ERROR;
				CLANG_WARN__DUPLICATE_METHOD_MATCH = YES;
				"CODE_SIGN_IDENTITY[sdk=iphoneos*]" = "iPhone Developer";
				COPY_PHASE_STRIP = NO;
				GCC_C_LANGUAGE_STANDARD = gnu99;
				GCC_DYNAMIC_NO_PIC = NO;
				GCC_OPTIMIZATION_LEVEL = 0;
				GCC_PREPROCESSOR_DEFINITIONS = (
					"DEBUG=1",
					"$(inherited)",
				);
				GCC_SYMBOLS_PRIVATE_EXTERN = NO;
				GCC_WARN_64_TO_32_BIT_CONVERSION = YES;
				GCC_WARN_ABOUT_RETURN_TYPE = YES_ERROR;
				GCC_WARN_UNDECLARED_SELECTOR = YES;
				GCC_WARN_UNINITIALIZED_AUTOS = YES_AGGRESSIVE;
				GCC_WARN_UNUSED_FUNCTION = YES;
				GCC_WARN_UNUSED_VARIABLE = YES;
				IPHONEOS_DEPLOYMENT_TARGET = 7.1;
				ONLY_ACTIVE_ARCH = YES;
				SDKROOT = iphoneos;
				TARGETED_DEVICE_FAMILY = "1,2";
			};
			name = Debug;
		};
		493D87C919108D270088C029 /* Release */ = {
			isa = XCBuildConfiguration;
			buildSettings = {
				ALWAYS_SEARCH_USER_PATHS = NO;
				CLANG_CXX_LANGUAGE_STANDARD = "gnu++0x";
				CLANG_CXX_LIBRARY = "libc++";
				CLANG_ENABLE_MODULES = YES;
				CLANG_ENABLE_OBJC_ARC = YES;
				CLANG_WARN_BOOL_CONVERSION = YES;
				CLANG_WARN_CONSTANT_CONVERSION = YES;
				CLANG_WARN_DIRECT_OBJC_ISA_USAGE = YES_ERROR;
				CLANG_WARN_EMPTY_BODY = YES;
				CLANG_WARN_ENUM_CONVERSION = YES;
				CLANG_WARN_INT_CONVERSION = YES;
				CLANG_WARN_OBJC_ROOT_CLASS = YES_ERROR;
				CLANG_WARN__DUPLICATE_METHOD_MATCH = YES;
				"CODE_SIGN_IDENTITY[sdk=iphoneos*]" = "iPhone Developer";
				COPY_PHASE_STRIP = YES;
				ENABLE_NS_ASSERTIONS = NO;
				GCC_C_LANGUAGE_STANDARD = gnu99;
				GCC_WARN_64_TO_32_BIT_CONVERSION = YES;
				GCC_WARN_ABOUT_RETURN_TYPE = YES_ERROR;
				GCC_WARN_UNDECLARED_SELECTOR = YES;
				GCC_WARN_UNINITIALIZED_AUTOS = YES_AGGRESSIVE;
				GCC_WARN_UNUSED_FUNCTION = YES;
				GCC_WARN_UNUSED_VARIABLE = YES;
				IPHONEOS_DEPLOYMENT_TARGET = 7.1;
				SDKROOT = iphoneos;
				TARGETED_DEVICE_FAMILY = "1,2";
				VALIDATE_PRODUCT = YES;
			};
			name = Release;
		};
		493D87CB19108D270088C029 /* Debug */ = {
			isa = XCBuildConfiguration;
			buildSettings = {
				ASSETCATALOG_COMPILER_APPICON_NAME = AppIcon;
				ASSETCATALOG_COMPILER_LAUNCHIMAGE_NAME = LaunchImage;
				GCC_PRECOMPILE_PREFIX_HEADER = YES;
				GCC_PREFIX_HEADER = "EXIFOperator/EXIFOperator-Prefix.pch";
				INFOPLIST_FILE = "EXIFOperator/EXIFOperator-Info.plist";
				PRODUCT_NAME = "$(TARGET_NAME)";
				WRAPPER_EXTENSION = app;
			};
			name = Debug;
		};
		493D87CC19108D270088C029 /* Release */ = {
			isa = XCBuildConfiguration;
			buildSettings = {
				ASSETCATALOG_COMPILER_APPICON_NAME = AppIcon;
				ASSETCATALOG_COMPILER_LAUNCHIMAGE_NAME = LaunchImage;
				GCC_PRECOMPILE_PREFIX_HEADER = YES;
				GCC_PREFIX_HEADER = "EXIFOperator/EXIFOperator-Prefix.pch";
				INFOPLIST_FILE = "EXIFOperator/EXIFOperator-Info.plist";
				PRODUCT_NAME = "$(TARGET_NAME)";
				WRAPPER_EXTENSION = app;
			};
			name = Release;
		};
		493D87CE19108D270088C029 /* Debug */ = {
			isa = XCBuildConfiguration;
			buildSettings = {
				BUNDLE_LOADER = "$(BUILT_PRODUCTS_DIR)/EXIFOperator.app/EXIFOperator";
				FRAMEWORK_SEARCH_PATHS = (
					"$(SDKROOT)/Developer/Library/Frameworks",
					"$(inherited)",
					"$(DEVELOPER_FRAMEWORKS_DIR)",
				);
				GCC_PRECOMPILE_PREFIX_HEADER = YES;
				GCC_PREFIX_HEADER = "EXIFOperator/EXIFOperator-Prefix.pch";
				GCC_PREPROCESSOR_DEFINITIONS = (
					"DEBUG=1",
					"$(inherited)",
				);
				INFOPLIST_FILE = "EXIFOperatorTests/EXIFOperatorTests-Info.plist";
				PRODUCT_NAME = "$(TARGET_NAME)";
				TEST_HOST = "$(BUNDLE_LOADER)";
				WRAPPER_EXTENSION = xctest;
			};
			name = Debug;
		};
		493D87CF19108D270088C029 /* Release */ = {
			isa = XCBuildConfiguration;
			buildSettings = {
				BUNDLE_LOADER = "$(BUILT_PRODUCTS_DIR)/EXIFOperator.app/EXIFOperator";
				FRAMEWORK_SEARCH_PATHS = (
					"$(SDKROOT)/Developer/Library/Frameworks",
					"$(inherited)",
					"$(DEVELOPER_FRAMEWORKS_DIR)",
				);
				GCC_PRECOMPILE_PREFIX_HEADER = YES;
				GCC_PREFIX_HEADER = "EXIFOperator/EXIFOperator-Prefix.pch";
				INFOPLIST_FILE = "EXIFOperatorTests/EXIFOperatorTests-Info.plist";
				PRODUCT_NAME = "$(TARGET_NAME)";
				TEST_HOST = "$(BUNDLE_LOADER)";
				WRAPPER_EXTENSION = xctest;
			};
			name = Release;
		};
/* End XCBuildConfiguration section */

/* Begin XCConfigurationList section */
		493D879919108D260088C029 /* Build configuration list for PBXProject "EXIFOperator" */ = {
			isa = XCConfigurationList;
			buildConfigurations = (
				493D87C819108D270088C029 /* Debug */,
				493D87C919108D270088C029 /* Release */,
			);
			defaultConfigurationIsVisible = 0;
			defaultConfigurationName = Release;
		};
		493D87CA19108D270088C029 /* Build configuration list for PBXNativeTarget "EXIFOperator" */ = {
			isa = XCConfigurationList;
			buildConfigurations = (
				493D87CB19108D270088C029 /* Debug */,
				493D87CC19108D270088C029 /* Release */,
			);
			defaultConfigurationIsVisible = 0;
			defaultConfigurationName = Release;
		};
		493D87CD19108D270088C029 /* Build configuration list for PBXNativeTarget "EXIFOperatorTests" */ = {
			isa = XCConfigurationList;
			buildConfigurations = (
				493D87CE19108D270088C029 /* Debug */,
				493D87CF19108D270088C029 /* Release */,
			);
			defaultConfigurationIsVisible = 0;
			defaultConfigurationName = Release;
		};
/* End XCConfigurationList section */
	};
	rootObject = 493D879619108D260088C029 /* Project object */;
}
